// !$*UTF8*$!
{
	archiveVersion = 1;
	classes = {
	};
	objectVersion = 46;
	objects = {

/* Begin PBXBuildFile section */
		431A190A1C9A47FA0003EEF3 /* error.html in Resources */ = {isa = PBXBuildFile; fileRef = 431A19091C9A47FA0003EEF3 /* error.html */; };
		4348B2D31C990A9C00190593 /* AppDelegate.swift in Sources */ = {isa = PBXBuildFile; fileRef = 4348B2D21C990A9C00190593 /* AppDelegate.swift */; };
		4348B2D81C990A9C00190593 /* Main.storyboard in Resources */ = {isa = PBXBuildFile; fileRef = 4348B2D61C990A9C00190593 /* Main.storyboard */; };
		4348B2DA1C990A9C00190593 /* Assets.xcassets in Resources */ = {isa = PBXBuildFile; fileRef = 4348B2D91C990A9C00190593 /* Assets.xcassets */; };
		4348B2DD1C990A9C00190593 /* LaunchScreen.storyboard in Resources */ = {isa = PBXBuildFile; fileRef = 4348B2DB1C990A9C00190593 /* LaunchScreen.storyboard */; };
		4348B2E81C990A9C00190593 /* LendUITests.swift in Sources */ = {isa = PBXBuildFile; fileRef = 4348B2E71C990A9C00190593 /* LendUITests.swift */; };
		4348B2F31C990CB100190593 /* WebViewController.swift in Sources */ = {isa = PBXBuildFile; fileRef = 4348B2F21C990CB100190593 /* WebViewController.swift */; };
		4348B2F91C992FF200190593 /* ImagePicker.swift in Sources */ = {isa = PBXBuildFile; fileRef = 4348B2F81C992FF200190593 /* ImagePicker.swift */; };
		4348B2FB1C99301600190593 /* ExtensionUIImage.swift in Sources */ = {isa = PBXBuildFile; fileRef = 4348B2FA1C99301600190593 /* ExtensionUIImage.swift */; };
		4348B2FD1C99305200190593 /* ContactPicker.swift in Sources */ = {isa = PBXBuildFile; fileRef = 4348B2FC1C99305200190593 /* ContactPicker.swift */; };
		4348B2FF1C99308800190593 /* JavaScriptContext.swift in Sources */ = {isa = PBXBuildFile; fileRef = 4348B2FE1C99308800190593 /* JavaScriptContext.swift */; };
		43F1A20B1C9A9EA2009ADED7 /* error.jpg in Resources */ = {isa = PBXBuildFile; fileRef = 43F1A20A1C9A9EA2009ADED7 /* error.jpg */; };
		43F44A061CA3847000213D44 /* ContactUploader.swift in Sources */ = {isa = PBXBuildFile; fileRef = 43F44A051CA3847000213D44 /* ContactUploader.swift */; };
/* End PBXBuildFile section */

/* Begin PBXContainerItemProxy section */
		4348B2E41C990A9C00190593 /* PBXContainerItemProxy */ = {
			isa = PBXContainerItemProxy;
			containerPortal = 4348B2C71C990A9C00190593 /* Project object */;
			proxyType = 1;
			remoteGlobalIDString = 4348B2CE1C990A9C00190593;
			remoteInfo = Lend;
		};
/* End PBXContainerItemProxy section */

/* Begin PBXFileReference section */
		431A19091C9A47FA0003EEF3 /* error.html */ = {isa = PBXFileReference; fileEncoding = 4; lastKnownFileType = text.html; path = error.html; sourceTree = "<group>"; };
		4348B2CF1C990A9C00190593 /* Lend.app */ = {isa = PBXFileReference; explicitFileType = wrapper.application; includeInIndex = 0; path = Lend.app; sourceTree = BUILT_PRODUCTS_DIR; };
		4348B2D21C990A9C00190593 /* AppDelegate.swift */ = {isa = PBXFileReference; lastKnownFileType = sourcecode.swift; path = AppDelegate.swift; sourceTree = "<group>"; };
		4348B2D71C990A9C00190593 /* Base */ = {isa = PBXFileReference; lastKnownFileType = file.storyboard; name = Base; path = Base.lproj/Main.storyboard; sourceTree = "<group>"; };
		4348B2D91C990A9C00190593 /* Assets.xcassets */ = {isa = PBXFileReference; lastKnownFileType = folder.assetcatalog; path = Assets.xcassets; sourceTree = "<group>"; };
		4348B2DC1C990A9C00190593 /* Base */ = {isa = PBXFileReference; lastKnownFileType = file.storyboard; name = Base; path = Base.lproj/LaunchScreen.storyboard; sourceTree = "<group>"; };
		4348B2DE1C990A9C00190593 /* Info.plist */ = {isa = PBXFileReference; lastKnownFileType = text.plist.xml; path = Info.plist; sourceTree = "<group>"; };
		4348B2E31C990A9C00190593 /* LendUITests.xctest */ = {isa = PBXFileReference; explicitFileType = wrapper.cfbundle; includeInIndex = 0; path = LendUITests.xctest; sourceTree = BUILT_PRODUCTS_DIR; };
		4348B2E71C990A9C00190593 /* LendUITests.swift */ = {isa = PBXFileReference; lastKnownFileType = sourcecode.swift; path = LendUITests.swift; sourceTree = "<group>"; };
		4348B2E91C990A9C00190593 /* Info.plist */ = {isa = PBXFileReference; lastKnownFileType = text.plist.xml; path = Info.plist; sourceTree = "<group>"; };
		4348B2F21C990CB100190593 /* WebViewController.swift */ = {isa = PBXFileReference; fileEncoding = 4; lastKnownFileType = sourcecode.swift; path = WebViewController.swift; sourceTree = "<group>"; };
		4348B2F81C992FF200190593 /* ImagePicker.swift */ = {isa = PBXFileReference; fileEncoding = 4; lastKnownFileType = sourcecode.swift; path = ImagePicker.swift; sourceTree = "<group>"; };
		4348B2FA1C99301600190593 /* ExtensionUIImage.swift */ = {isa = PBXFileReference; fileEncoding = 4; lastKnownFileType = sourcecode.swift; path = ExtensionUIImage.swift; sourceTree = "<group>"; };
		4348B2FC1C99305200190593 /* ContactPicker.swift */ = {isa = PBXFileReference; fileEncoding = 4; lastKnownFileType = sourcecode.swift; path = ContactPicker.swift; sourceTree = "<group>"; };
		4348B2FE1C99308800190593 /* JavaScriptContext.swift */ = {isa = PBXFileReference; fileEncoding = 4; lastKnownFileType = sourcecode.swift; path = JavaScriptContext.swift; sourceTree = "<group>"; };
		43F1A20A1C9A9EA2009ADED7 /* error.jpg */ = {isa = PBXFileReference; lastKnownFileType = image.jpeg; path = error.jpg; sourceTree = "<group>"; };
		43F44A051CA3847000213D44 /* ContactUploader.swift */ = {isa = PBXFileReference; fileEncoding = 4; lastKnownFileType = sourcecode.swift; path = ContactUploader.swift; sourceTree = "<group>"; };
/* End PBXFileReference section */

/* Begin PBXFrameworksBuildPhase section */
		4348B2CC1C990A9C00190593 /* Frameworks */ = {
			isa = PBXFrameworksBuildPhase;
			buildActionMask = 2147483647;
			files = (
			);
			runOnlyForDeploymentPostprocessing = 0;
		};
		4348B2E01C990A9C00190593 /* Frameworks */ = {
			isa = PBXFrameworksBuildPhase;
			buildActionMask = 2147483647;
			files = (
			);
			runOnlyForDeploymentPostprocessing = 0;
		};
/* End PBXFrameworksBuildPhase section */

/* Begin PBXGroup section */
		4348B2C61C990A9C00190593 = {
			isa = PBXGroup;
			children = (
				4348B2D11C990A9C00190593 /* Lend */,
				4348B2E61C990A9C00190593 /* LendUITests */,
				4348B2D01C990A9C00190593 /* Products */,
			);
			sourceTree = "<group>";
		};
		4348B2D01C990A9C00190593 /* Products */ = {
			isa = PBXGroup;
			children = (
				4348B2CF1C990A9C00190593 /* Lend.app */,
				4348B2E31C990A9C00190593 /* LendUITests.xctest */,
			);
			name = Products;
			sourceTree = "<group>";
		};
		4348B2D11C990A9C00190593 /* Lend */ = {
			isa = PBXGroup;
			children = (
				4348B2F61C990D6600190593 /* code */,
				4348B2F51C990D2200190593 /* storyboards */,
				4348B2F41C990CBF00190593 /* common */,
			);
			path = Lend;
			sourceTree = "<group>";
		};
		4348B2E61C990A9C00190593 /* LendUITests */ = {
			isa = PBXGroup;
			children = (
				4348B2E71C990A9C00190593 /* LendUITests.swift */,
				4348B2E91C990A9C00190593 /* Info.plist */,
			);
			path = LendUITests;
			sourceTree = "<group>";
		};
		4348B2F41C990CBF00190593 /* common */ = {
			isa = PBXGroup;
			children = (
				43F1A20A1C9A9EA2009ADED7 /* error.jpg */,
				431A19091C9A47FA0003EEF3 /* error.html */,
				4348B2DE1C990A9C00190593 /* Info.plist */,
				4348B2D91C990A9C00190593 /* Assets.xcassets */,
				4348B2D21C990A9C00190593 /* AppDelegate.swift */,
			);
			name = common;
			sourceTree = "<group>";
		};
		4348B2F51C990D2200190593 /* storyboards */ = {
			isa = PBXGroup;
			children = (
				4348B2D61C990A9C00190593 /* Main.storyboard */,
				4348B2DB1C990A9C00190593 /* LaunchScreen.storyboard */,
			);
			name = storyboards;
			sourceTree = "<group>";
		};
		4348B2F61C990D6600190593 /* code */ = {
			isa = PBXGroup;
			children = (
				4348B2F21C990CB100190593 /* WebViewController.swift */,
				4348B2F81C992FF200190593 /* ImagePicker.swift */,
				4348B2FA1C99301600190593 /* ExtensionUIImage.swift */,
				4348B2FC1C99305200190593 /* ContactPicker.swift */,
				4348B2FE1C99308800190593 /* JavaScriptContext.swift */,
				43F44A051CA3847000213D44 /* ContactUploader.swift */,
			);
			name = code;
			sourceTree = "<group>";
		};
/* End PBXGroup section */

/* Begin PBXNativeTarget section */
		4348B2CE1C990A9C00190593 /* Lend */ = {
			isa = PBXNativeTarget;
			buildConfigurationList = 4348B2EC1C990A9C00190593 /* Build configuration list for PBXNativeTarget "Lend" */;
			buildPhases = (
				4348B2CB1C990A9C00190593 /* Sources */,
				4348B2CC1C990A9C00190593 /* Frameworks */,
				4348B2CD1C990A9C00190593 /* Resources */,
			);
			buildRules = (
			);
			dependencies = (
			);
			name = Lend;
			productName = Lend;
			productReference = 4348B2CF1C990A9C00190593 /* Lend.app */;
			productType = "com.apple.product-type.application";
		};
		4348B2E21C990A9C00190593 /* LendUITests */ = {
			isa = PBXNativeTarget;
			buildConfigurationList = 4348B2EF1C990A9C00190593 /* Build configuration list for PBXNativeTarget "LendUITests" */;
			buildPhases = (
				4348B2DF1C990A9C00190593 /* Sources */,
				4348B2E01C990A9C00190593 /* Frameworks */,
				4348B2E11C990A9C00190593 /* Resources */,
			);
			buildRules = (
			);
			dependencies = (
				4348B2E51C990A9C00190593 /* PBXTargetDependency */,
			);
			name = LendUITests;
			productName = LendUITests;
			productReference = 4348B2E31C990A9C00190593 /* LendUITests.xctest */;
			productType = "com.apple.product-type.bundle.ui-testing";
		};
/* End PBXNativeTarget section */

/* Begin PBXProject section */
		4348B2C71C990A9C00190593 /* Project object */ = {
			isa = PBXProject;
			attributes = {
				LastSwiftUpdateCheck = 0720;
				LastUpgradeCheck = 0720;
				ORGANIZATIONNAME = bird;
				TargetAttributes = {
					4348B2CE1C990A9C00190593 = {
						CreatedOnToolsVersion = 7.2.1;
						DevelopmentTeam = SWPYFK42QC;
					};
					4348B2E21C990A9C00190593 = {
						CreatedOnToolsVersion = 7.2.1;
						TestTargetID = 4348B2CE1C990A9C00190593;
					};
				};
			};
			buildConfigurationList = 4348B2CA1C990A9C00190593 /* Build configuration list for PBXProject "Lend" */;
			compatibilityVersion = "Xcode 3.2";
			developmentRegion = English;
			hasScannedForEncodings = 0;
			knownRegions = (
				en,
				Base,
			);
			mainGroup = 4348B2C61C990A9C00190593;
			productRefGroup = 4348B2D01C990A9C00190593 /* Products */;
			projectDirPath = "";
			projectRoot = "";
			targets = (
				4348B2CE1C990A9C00190593 /* Lend */,
				4348B2E21C990A9C00190593 /* LendUITests */,
			);
		};
/* End PBXProject section */

/* Begin PBXResourcesBuildPhase section */
		4348B2CD1C990A9C00190593 /* Resources */ = {
			isa = PBXResourcesBuildPhase;
			buildActionMask = 2147483647;
			files = (
				4348B2DD1C990A9C00190593 /* LaunchScreen.storyboard in Resources */,
				43F1A20B1C9A9EA2009ADED7 /* error.jpg in Resources */,
				4348B2DA1C990A9C00190593 /* Assets.xcassets in Resources */,
				4348B2D81C990A9C00190593 /* Main.storyboard in Resources */,
				431A190A1C9A47FA0003EEF3 /* error.html in Resources */,
			);
			runOnlyForDeploymentPostprocessing = 0;
		};
		4348B2E11C990A9C00190593 /* Resources */ = {
			isa = PBXResourcesBuildPhase;
			buildActionMask = 2147483647;
			files = (
			);
			runOnlyForDeploymentPostprocessing = 0;
		};
/* End PBXResourcesBuildPhase section */

/* Begin PBXSourcesBuildPhase section */
		4348B2CB1C990A9C00190593 /* Sources */ = {
			isa = PBXSourcesBuildPhase;
			buildActionMask = 2147483647;
			files = (
				4348B2FF1C99308800190593 /* JavaScriptContext.swift in Sources */,
				4348B2FD1C99305200190593 /* ContactPicker.swift in Sources */,
				4348B2F91C992FF200190593 /* ImagePicker.swift in Sources */,
				43F44A061CA3847000213D44 /* ContactUploader.swift in Sources */,
				4348B2F31C990CB100190593 /* WebViewController.swift in Sources */,
				4348B2FB1C99301600190593 /* ExtensionUIImage.swift in Sources */,
				4348B2D31C990A9C00190593 /* AppDelegate.swift in Sources */,
			);
			runOnlyForDeploymentPostprocessing = 0;
		};
		4348B2DF1C990A9C00190593 /* Sources */ = {
			isa = PBXSourcesBuildPhase;
			buildActionMask = 2147483647;
			files = (
				4348B2E81C990A9C00190593 /* LendUITests.swift in Sources */,
			);
			runOnlyForDeploymentPostprocessing = 0;
		};
/* End PBXSourcesBuildPhase section */

/* Begin PBXTargetDependency section */
		4348B2E51C990A9C00190593 /* PBXTargetDependency */ = {
			isa = PBXTargetDependency;
			target = 4348B2CE1C990A9C00190593 /* Lend */;
			targetProxy = 4348B2E41C990A9C00190593 /* PBXContainerItemProxy */;
		};
/* End PBXTargetDependency section */

/* Begin PBXVariantGroup section */
		4348B2D61C990A9C00190593 /* Main.storyboard */ = {
			isa = PBXVariantGroup;
			children = (
				4348B2D71C990A9C00190593 /* Base */,
			);
			name = Main.storyboard;
			sourceTree = "<group>";
		};
		4348B2DB1C990A9C00190593 /* LaunchScreen.storyboard */ = {
			isa = PBXVariantGroup;
			children = (
				4348B2DC1C990A9C00190593 /* Base */,
			);
			name = LaunchScreen.storyboard;
			sourceTree = "<group>";
		};
/* End PBXVariantGroup section */

/* Begin XCBuildConfiguration section */
		4348B2EA1C990A9C00190593 /* Debug */ = {
			isa = XCBuildConfiguration;
			buildSettings = {
				ALWAYS_SEARCH_USER_PATHS = NO;
				CLANG_CXX_LANGUAGE_STANDARD = "gnu++0x";
				CLANG_CXX_LIBRARY = "libc++";
				CLANG_ENABLE_MODULES = YES;
				CLANG_ENABLE_OBJC_ARC = YES;
				CLANG_WARN_BOOL_CONVERSION = YES;
				CLANG_WARN_CONSTANT_CONVERSION = YES;
				CLANG_WARN_DIRECT_OBJC_ISA_USAGE = YES_ERROR;
				CLANG_WARN_EMPTY_BODY = YES;
				CLANG_WARN_ENUM_CONVERSION = YES;
				CLANG_WARN_INT_CONVERSION = YES;
				CLANG_WARN_OBJC_ROOT_CLASS = YES_ERROR;
				CLANG_WARN_UNREACHABLE_CODE = YES;
				CLANG_WARN__DUPLICATE_METHOD_MATCH = YES;
				"CODE_SIGN_IDENTITY[sdk=iphoneos*]" = "iPhone Developer";
				COPY_PHASE_STRIP = NO;
				DEBUG_INFORMATION_FORMAT = dwarf;
				ENABLE_STRICT_OBJC_MSGSEND = YES;
				ENABLE_TESTABILITY = YES;
				GCC_C_LANGUAGE_STANDARD = gnu99;
				GCC_DYNAMIC_NO_PIC = NO;
				GCC_NO_COMMON_BLOCKS = YES;
				GCC_OPTIMIZATION_LEVEL = 0;
				GCC_PREPROCESSOR_DEFINITIONS = (
					"DEBUG=1",
					"$(inherited)",
				);
				GCC_WARN_64_TO_32_BIT_CONVERSION = YES;
				GCC_WARN_ABOUT_RETURN_TYPE = YES_ERROR;
				GCC_WARN_UNDECLARED_SELECTOR = YES;
				GCC_WARN_UNINITIALIZED_AUTOS = YES_AGGRESSIVE;
				GCC_WARN_UNUSED_FUNCTION = YES;
				GCC_WARN_UNUSED_VARIABLE = YES;
				IPHONEOS_DEPLOYMENT_TARGET = 9.2;
				MTL_ENABLE_DEBUG_INFO = YES;
				ONLY_ACTIVE_ARCH = YES;
				SDKROOT = iphoneos;
				SWIFT_OPTIMIZATION_LEVEL = "-Onone";
			};
			name = Debug;
		};
		4348B2EB1C990A9C00190593 /* Release */ = {
			isa = XCBuildConfiguration;
			buildSettings = {
				ALWAYS_SEARCH_USER_PATHS = NO;
				CLANG_CXX_LANGUAGE_STANDARD = "gnu++0x";
				CLANG_CXX_LIBRARY = "libc++";
				CLANG_ENABLE_MODULES = YES;
				CLANG_ENABLE_OBJC_ARC = YES;
				CLANG_WARN_BOOL_CONVERSION = YES;
				CLANG_WARN_CONSTANT_CONVERSION = YES;
				CLANG_WARN_DIRECT_OBJC_ISA_USAGE = YES_ERROR;
				CLANG_WARN_EMPTY_BODY = YES;
				CLANG_WARN_ENUM_CONVERSION = YES;
				CLANG_WARN_INT_CONVERSION = YES;
				CLANG_WARN_OBJC_ROOT_CLASS = YES_ERROR;
				CLANG_WARN_UNREACHABLE_CODE = YES;
				CLANG_WARN__DUPLICATE_METHOD_MATCH = YES;
				"CODE_SIGN_IDENTITY[sdk=iphoneos*]" = "iPhone Developer";
				COPY_PHASE_STRIP = NO;
				DEBUG_INFORMATION_FORMAT = "dwarf-with-dsym";
				ENABLE_NS_ASSERTIONS = NO;
				ENABLE_STRICT_OBJC_MSGSEND = YES;
				GCC_C_LANGUAGE_STANDARD = gnu99;
				GCC_NO_COMMON_BLOCKS = YES;
				GCC_WARN_64_TO_32_BIT_CONVERSION = YES;
				GCC_WARN_ABOUT_RETURN_TYPE = YES_ERROR;
				GCC_WARN_UNDECLARED_SELECTOR = YES;
				GCC_WARN_UNINITIALIZED_AUTOS = YES_AGGRESSIVE;
				GCC_WARN_UNUSED_FUNCTION = YES;
				GCC_WARN_UNUSED_VARIABLE = YES;
				IPHONEOS_DEPLOYMENT_TARGET = 9.2;
				MTL_ENABLE_DEBUG_INFO = NO;
				SDKROOT = iphoneos;
				VALIDATE_PRODUCT = YES;
			};
			name = Release;
		};
		4348B2ED1C990A9C00190593 /* Debug */ = {
			isa = XCBuildConfiguration;
			buildSettings = {
				ASSETCATALOG_COMPILER_APPICON_NAME = AppIcon;
				CODE_SIGN_IDENTITY = "iPhone Developer";
				INFOPLIST_FILE = Lend/Info.plist;
				IPHONEOS_DEPLOYMENT_TARGET = 8.1;
				LD_RUNPATH_SEARCH_PATHS = "$(inherited) @executable_path/Frameworks";
				PRODUCT_BUNDLE_IDENTIFIER = com.bird.Lend;
				PRODUCT_NAME = "$(TARGET_NAME)";
			};
			name = Debug;
		};
		4348B2EE1C990A9C00190593 /* Release */ = {
			isa = XCBuildConfiguration;
			buildSettings = {
				ASSETCATALOG_COMPILER_APPICON_NAME = AppIcon;
				CODE_SIGN_IDENTITY = "iPhone Developer";
				INFOPLIST_FILE = Lend/Info.plist;
				IPHONEOS_DEPLOYMENT_TARGET = 8.1;
				LD_RUNPATH_SEARCH_PATHS = "$(inherited) @executable_path/Frameworks";
				PRODUCT_BUNDLE_IDENTIFIER = com.bird.Lend;
				PRODUCT_NAME = "$(TARGET_NAME)";
			};
			name = Release;
		};
		4348B2F01C990A9C00190593 /* Debug */ = {
			isa = XCBuildConfiguration;
			buildSettings = {
				INFOPLIST_FILE = LendUITests/Info.plist;
				LD_RUNPATH_SEARCH_PATHS = "$(inherited) @executable_path/Frameworks @loader_path/Frameworks";
				PRODUCT_BUNDLE_IDENTIFIER = com.bird.LendUITests;
				PRODUCT_NAME = "$(TARGET_NAME)";
				TEST_TARGET_NAME = Lend;
				USES_XCTRUNNER = YES;
			};
			name = Debug;
		};
		4348B2F11C990A9C00190593 /* Release */ = {
			isa = XCBuildConfiguration;
			buildSettings = {
				INFOPLIST_FILE = LendUITests/Info.plist;
				LD_RUNPATH_SEARCH_PATHS = "$(inherited) @executable_path/Frameworks @loader_path/Frameworks";
				PRODUCT_BUNDLE_IDENTIFIER = com.bird.LendUITests;
				PRODUCT_NAME = "$(TARGET_NAME)";
				TEST_TARGET_NAME = Lend;
				USES_XCTRUNNER = YES;
			};
			name = Release;
		};
/* End XCBuildConfiguration section */

/* Begin XCConfigurationList section */
		4348B2CA1C990A9C00190593 /* Build configuration list for PBXProject "Lend" */ = {
			isa = XCConfigurationList;
			buildConfigurations = (
				4348B2EA1C990A9C00190593 /* Debug */,
				4348B2EB1C990A9C00190593 /* Release */,
			);
			defaultConfigurationIsVisible = 0;
			defaultConfigurationName = Release;
		};
		4348B2EC1C990A9C00190593 /* Build configuration list for PBXNativeTarget "Lend" */ = {
			isa = XCConfigurationList;
			buildConfigurations = (
				4348B2ED1C990A9C00190593 /* Debug */,
				4348B2EE1C990A9C00190593 /* Release */,
			);
			defaultConfigurationIsVisible = 0;
			defaultConfigurationName = Release;
		};
		4348B2EF1C990A9C00190593 /* Build configuration list for PBXNativeTarget "LendUITests" */ = {
			isa = XCConfigurationList;
			buildConfigurations = (
				4348B2F01C990A9C00190593 /* Debug */,
				4348B2F11C990A9C00190593 /* Release */,
			);
			defaultConfigurationIsVisible = 0;
			defaultConfigurationName = Release;
		};
/* End XCConfigurationList section */
	};
	rootObject = 4348B2C71C990A9C00190593 /* Project object */;
}
